// !$*UTF8*$!
{
	archiveVersion = 1;
	classes = {
	};
	objectVersion = 46;
	objects = {

/* Begin PBXBuildFile section */
		BF06577F1DCCE00B0092EF0C /* lab6.c in Sources */ = {isa = PBXBuildFile; fileRef = BF06577E1DCCE00B0092EF0C /* lab6.c */; };
/* End PBXBuildFile section */

/* Begin PBXCopyFilesBuildPhase section */
		BF0657791DCCE00B0092EF0C /* CopyFiles */ = {
			isa = PBXCopyFilesBuildPhase;
			buildActionMask = 2147483647;
			dstPath = /usr/share/man/man1/;
			dstSubfolderSpec = 0;
			files = (
			);
			runOnlyForDeploymentPostprocessing = 1;
		};
/* End PBXCopyFilesBuildPhase section */

/* Begin PBXFileReference section */
		BF06577B1DCCE00B0092EF0C /* OSlab6 */ = {isa = PBXFileReference; explicitFileType = "compiled.mach-o.executable"; includeInIndex = 0; path = OSlab6; sourceTree = BUILT_PRODUCTS_DIR; };
		BF06577E1DCCE00B0092EF0C /* lab6.c */ = {isa = PBXFileReference; lastKnownFileType = sourcecode.c.c; path = lab6.c; sourceTree = "<group>"; };
/* End PBXFileReference section */

/* Begin PBXFrameworksBuildPhase section */
		BF0657781DCCE00B0092EF0C /* Frameworks */ = {
			isa = PBXFrameworksBuildPhase;
			buildActionMask = 2147483647;
			files = (
			);
			runOnlyForDeploymentPostprocessing = 0;
		};
/* End PBXFrameworksBuildPhase section */

/* Begin PBXGroup section */
		BF0657721DCCE00B0092EF0C = {
			isa = PBXGroup;
			children = (
				BF06577D1DCCE00B0092EF0C /* OSlab6 */,
				BF06577C1DCCE00B0092EF0C /* Products */,
			);
			sourceTree = "<group>";
		};
		BF06577C1DCCE00B0092EF0C /* Products */ = {
			isa = PBXGroup;
			children = (
				BF06577B1DCCE00B0092EF0C /* OSlab6 */,
			);
			name = Products;
			sourceTree = "<group>";
		};
		BF06577D1DCCE00B0092EF0C /* OSlab6 */ = {
			isa = PBXGroup;
			children = (
				BF06577E1DCCE00B0092EF0C /* lab6.c */,
			);
			path = OSlab6;
			sourceTree = "<group>";
		};
/* End PBXGroup section */

/* Begin PBXNativeTarget section */
		BF06577A1DCCE00B0092EF0C /* OSlab6 */ = {
			isa = PBXNativeTarget;
			buildConfigurationList = BF0657821DCCE00B0092EF0C /* Build configuration list for PBXNativeTarget "OSlab6" */;
			buildPhases = (
				BF0657771DCCE00B0092EF0C /* Sources */,
				BF0657781DCCE00B0092EF0C /* Frameworks */,
				BF0657791DCCE00B0092EF0C /* CopyFiles */,
			);
			buildRules = (
			);
			dependencies = (
			);
			name = OSlab6;
			productName = OSlab6;
			productReference = BF06577B1DCCE00B0092EF0C /* OSlab6 */;
			productType = "com.apple.product-type.tool";
		};
/* End PBXNativeTarget section */

/* Begin PBXProject section */
		BF0657731DCCE00B0092EF0C /* Project object */ = {
			isa = PBXProject;
			attributes = {
				LastUpgradeCheck = 0700;
				ORGANIZATIONNAME = "Sylvia Wan";
				TargetAttributes = {
					BF06577A1DCCE00B0092EF0C = {
						CreatedOnToolsVersion = 7.0;
					};
				};
			};
			buildConfigurationList = BF0657761DCCE00B0092EF0C /* Build configuration list for PBXProject "OSlab6" */;
			compatibilityVersion = "Xcode 3.2";
			developmentRegion = English;
			hasScannedForEncodings = 0;
			knownRegions = (
				en,
			);
			mainGroup = BF0657721DCCE00B0092EF0C;
			productRefGroup = BF06577C1DCCE00B0092EF0C /* Products */;
			projectDirPath = "";
			projectRoot = "";
			targets = (
				BF06577A1DCCE00B0092EF0C /* OSlab6 */,
			);
		};
/* End PBXProject section */

/* Begin PBXSourcesBuildPhase section */
		BF0657771DCCE00B0092EF0C /* Sources */ = {
			isa = PBXSourcesBuildPhase;
			buildActionMask = 2147483647;
			files = (
				BF06577F1DCCE00B0092EF0C /* lab6.c in Sources */,
			);
			runOnlyForDeploymentPostprocessing = 0;
		};
/* End PBXSourcesBuildPhase section */

/* Begin XCBuildConfiguration section */
		BF0657801DCCE00B0092EF0C /* Debug */ = {
			isa = XCBuildConfiguration;
			buildSettings = {
				ALWAYS_SEARCH_USER_PATHS = NO;
				CLANG_CXX_LANGUAGE_STANDARD = "gnu++0x";
				CLANG_CXX_LIBRARY = "libc++";
				CLANG_ENABLE_MODULES = YES;
				CLANG_ENABLE_OBJC_ARC = YES;
				CLANG_WARN_BOOL_CONVERSION = YES;
				CLANG_WARN_CONSTANT_CONVERSION = YES;
				CLANG_WARN_DIRECT_OBJC_ISA_USAGE = YES_ERROR;
				CLANG_WARN_EMPTY_BODY = YES;
				CLANG_WARN_ENUM_CONVERSION = YES;
				CLANG_WARN_INT_CONVERSION = YES;
				CLANG_WARN_OBJC_ROOT_CLASS = YES_ERROR;
				CLANG_WARN_UNREACHABLE_CODE = YES;
				CLANG_WARN__DUPLICATE_METHOD_MATCH = YES;
				COPY_PHASE_STRIP = NO;
				DEBUG_INFORMATION_FORMAT = dwarf;
				ENABLE_STRICT_OBJC_MSGSEND = YES;
				ENABLE_TESTABILITY = YES;
				GCC_C_LANGUAGE_STANDARD = gnu99;
				GCC_DYNAMIC_NO_PIC = NO;
				GCC_NO_COMMON_BLOCKS = YES;
				GCC_OPTIMIZATION_LEVEL = 0;
				GCC_PREPROCESSOR_DEFINITIONS = (
					"DEBUG=1",
					"$(inherited)",
				);
				GCC_WARN_64_TO_32_BIT_CONVERSION = YES;
				GCC_WARN_ABOUT_RETURN_TYPE = YES_ERROR;
				GCC_WARN_UNDECLARED_SELECTOR = YES;
				GCC_WARN_UNINITIALIZED_AUTOS = YES_AGGRESSIVE;
				GCC_WARN_UNUSED_FUNCTION = YES;
				GCC_WARN_UNUSED_VARIABLE = YES;
				MACOSX_DEPLOYMENT_TARGET = 10.10;
				MTL_ENABLE_DEBUG_INFO = YES;
				ONLY_ACTIVE_ARCH = YES;
				SDKROOT = macosx;
			};
			name = Debug;
		};
		BF0657811DCCE00B0092EF0C /* Release */ = {
			isa = XCBuildConfiguration;
			buildSettings = {
				ALWAYS_SEARCH_USER_PATHS = NO;
				CLANG_CXX_LANGUAGE_STANDARD = "gnu++0x";
				CLANG_CXX_LIBRARY = "libc++";
				CLANG_ENABLE_MODULES = YES;
				CLANG_ENABLE_OBJC_ARC = YES;
				CLANG_WARN_BOOL_CONVERSION = YES;
				CLANG_WARN_CONSTANT_CONVERSION = YES;
				CLANG_WARN_DIRECT_OBJC_ISA_USAGE = YES_ERROR;
				CLANG_WARN_EMPTY_BODY = YES;
				CLANG_WARN_ENUM_CONVERSION = YES;
				CLANG_WARN_INT_CONVERSION = YES;
				CLANG_WARN_OBJC_ROOT_CLASS = YES_ERROR;
				CLANG_WARN_UNREACHABLE_CODE = YES;
				CLANG_WARN__DUPLICATE_METHOD_MATCH = YES;
				COPY_PHASE_STRIP = NO;
				DEBUG_INFORMATION_FORMAT = "dwarf-with-dsym";
				ENABLE_NS_ASSERTIONS = NO;
				ENABLE_STRICT_OBJC_MSGSEND = YES;
				GCC_C_LANGUAGE_STANDARD = gnu99;
				GCC_NO_COMMON_BLOCKS = YES;
				GCC_WARN_64_TO_32_BIT_CONVERSION = YES;
				GCC_WARN_ABOUT_RETURN_TYPE = YES_ERROR;
				GCC_WARN_UNDECLARED_SELECTOR = YES;
				GCC_WARN_UNINITIALIZED_AUTOS = YES_AGGRESSIVE;
				GCC_WARN_UNUSED_FUNCTION = YES;
				GCC_WARN_UNUSED_VARIABLE = YES;
				MACOSX_DEPLOYMENT_TARGET = 10.10;
				MTL_ENABLE_DEBUG_INFO = NO;
				SDKROOT = macosx;
			};
			name = Release;
		};
		BF0657831DCCE00B0092EF0C /* Debug */ = {
			isa = XCBuildConfiguration;
			buildSettings = {
				PRODUCT_NAME = "$(TARGET_NAME)";
			};
			name = Debug;
		};
		BF0657841DCCE00B0092EF0C /* Release */ = {
			isa = XCBuildConfiguration;
			buildSettings = {
				PRODUCT_NAME = "$(TARGET_NAME)";
			};
			name = Release;
		};
/* End XCBuildConfiguration section */

/* Begin XCConfigurationList section */
		BF0657761DCCE00B0092EF0C /* Build configuration list for PBXProject "OSlab6" */ = {
			isa = XCConfigurationList;
			buildConfigurations = (
				BF0657801DCCE00B0092EF0C /* Debug */,
				BF0657811DCCE00B0092EF0C /* Release */,
			);
			defaultConfigurationIsVisible = 0;
			defaultConfigurationName = Release;
		};
		BF0657821DCCE00B0092EF0C /* Build configuration list for PBXNativeTarget "OSlab6" */ = {
			isa = XCConfigurationList;
			buildConfigurations = (
				BF0657831DCCE00B0092EF0C /* Debug */,
				BF0657841DCCE00B0092EF0C /* Release */,
			);
			defaultConfigurationIsVisible = 0;
		};
/* End XCConfigurationList section */
	};
	rootObject = BF0657731DCCE00B0092EF0C /* Project object */;
}
