// !$*UTF8*$!
{
	archiveVersion = 1;
	classes = {
	};
	objectVersion = 46;
	objects = {

/* Begin PBXBuildFile section */
		BF0BF09F1DB54FB900B7BEDA /* oslabq2.c in Sources */ = {isa = PBXBuildFile; fileRef = BF0BF09E1DB54FB900B7BEDA /* oslabq2.c */; };
/* End PBXBuildFile section */

/* Begin PBXCopyFilesBuildPhase section */
		BF0BF0991DB54FB900B7BEDA /* CopyFiles */ = {
			isa = PBXCopyFilesBuildPhase;
			buildActionMask = 2147483647;
			dstPath = /usr/share/man/man1/;
			dstSubfolderSpec = 0;
			files = (
			);
			runOnlyForDeploymentPostprocessing = 1;
		};
/* End PBXCopyFilesBuildPhase section */

/* Begin PBXFileReference section */
		BF0BF09B1DB54FB900B7BEDA /* OS LAB 2 q 2 */ = {isa = PBXFileReference; explicitFileType = "compiled.mach-o.executable"; includeInIndex = 0; path = "OS LAB 2 q 2"; sourceTree = BUILT_PRODUCTS_DIR; };
		BF0BF09E1DB54FB900B7BEDA /* oslabq2.c */ = {isa = PBXFileReference; lastKnownFileType = sourcecode.c.c; path = oslabq2.c; sourceTree = "<group>"; };
/* End PBXFileReference section */

/* Begin PBXFrameworksBuildPhase section */
		BF0BF0981DB54FB900B7BEDA /* Frameworks */ = {
			isa = PBXFrameworksBuildPhase;
			buildActionMask = 2147483647;
			files = (
			);
			runOnlyForDeploymentPostprocessing = 0;
		};
/* End PBXFrameworksBuildPhase section */

/* Begin PBXGroup section */
		BF0BF0921DB54FB900B7BEDA = {
			isa = PBXGroup;
			children = (
				BF0BF09D1DB54FB900B7BEDA /* OS LAB 2 q 2 */,
				BF0BF09C1DB54FB900B7BEDA /* Products */,
			);
			sourceTree = "<group>";
		};
		BF0BF09C1DB54FB900B7BEDA /* Products */ = {
			isa = PBXGroup;
			children = (
				BF0BF09B1DB54FB900B7BEDA /* OS LAB 2 q 2 */,
			);
			name = Products;
			sourceTree = "<group>";
		};
		BF0BF09D1DB54FB900B7BEDA /* OS LAB 2 q 2 */ = {
			isa = PBXGroup;
			children = (
				BF0BF09E1DB54FB900B7BEDA /* oslabq2.c */,
			);
			path = "OS LAB 2 q 2";
			sourceTree = "<group>";
		};
/* End PBXGroup section */

/* Begin PBXNativeTarget section */
		BF0BF09A1DB54FB900B7BEDA /* OS LAB 2 q 2 */ = {
			isa = PBXNativeTarget;
			buildConfigurationList = BF0BF0A21DB54FB900B7BEDA /* Build configuration list for PBXNativeTarget "OS LAB 2 q 2" */;
			buildPhases = (
				BF0BF0971DB54FB900B7BEDA /* Sources */,
				BF0BF0981DB54FB900B7BEDA /* Frameworks */,
				BF0BF0991DB54FB900B7BEDA /* CopyFiles */,
			);
			buildRules = (
			);
			dependencies = (
			);
			name = "OS LAB 2 q 2";
			productName = "OS LAB 2 q 2";
			productReference = BF0BF09B1DB54FB900B7BEDA /* OS LAB 2 q 2 */;
			productType = "com.apple.product-type.tool";
		};
/* End PBXNativeTarget section */

/* Begin PBXProject section */
		BF0BF0931DB54FB900B7BEDA /* Project object */ = {
			isa = PBXProject;
			attributes = {
				LastUpgradeCheck = 0700;
				ORGANIZATIONNAME = "Sylvia Wan";
				TargetAttributes = {
					BF0BF09A1DB54FB900B7BEDA = {
						CreatedOnToolsVersion = 7.0;
					};
				};
			};
			buildConfigurationList = BF0BF0961DB54FB900B7BEDA /* Build configuration list for PBXProject "OS LAB 2 q 2" */;
			compatibilityVersion = "Xcode 3.2";
			developmentRegion = English;
			hasScannedForEncodings = 0;
			knownRegions = (
				en,
			);
			mainGroup = BF0BF0921DB54FB900B7BEDA;
			productRefGroup = BF0BF09C1DB54FB900B7BEDA /* Products */;
			projectDirPath = "";
			projectRoot = "";
			targets = (
				BF0BF09A1DB54FB900B7BEDA /* OS LAB 2 q 2 */,
			);
		};
/* End PBXProject section */

/* Begin PBXSourcesBuildPhase section */
		BF0BF0971DB54FB900B7BEDA /* Sources */ = {
			isa = PBXSourcesBuildPhase;
			buildActionMask = 2147483647;
			files = (
				BF0BF09F1DB54FB900B7BEDA /* oslabq2.c in Sources */,
			);
			runOnlyForDeploymentPostprocessing = 0;
		};
/* End PBXSourcesBuildPhase section */

/* Begin XCBuildConfiguration section */
		BF0BF0A01DB54FB900B7BEDA /* Debug */ = {
			isa = XCBuildConfiguration;
			buildSettings = {
				ALWAYS_SEARCH_USER_PATHS = NO;
				CLANG_CXX_LANGUAGE_STANDARD = "gnu++0x";
				CLANG_CXX_LIBRARY = "libc++";
				CLANG_ENABLE_MODULES = YES;
				CLANG_ENABLE_OBJC_ARC = YES;
				CLANG_WARN_BOOL_CONVERSION = YES;
				CLANG_WARN_CONSTANT_CONVERSION = YES;
				CLANG_WARN_DIRECT_OBJC_ISA_USAGE = YES_ERROR;
				CLANG_WARN_EMPTY_BODY = YES;
				CLANG_WARN_ENUM_CONVERSION = YES;
				CLANG_WARN_INT_CONVERSION = YES;
				CLANG_WARN_OBJC_ROOT_CLASS = YES_ERROR;
				CLANG_WARN_UNREACHABLE_CODE = YES;
				CLANG_WARN__DUPLICATE_METHOD_MATCH = YES;
				COPY_PHASE_STRIP = NO;
				DEBUG_INFORMATION_FORMAT = dwarf;
				ENABLE_STRICT_OBJC_MSGSEND = YES;
				ENABLE_TESTABILITY = YES;
				GCC_C_LANGUAGE_STANDARD = gnu99;
				GCC_DYNAMIC_NO_PIC = NO;
				GCC_NO_COMMON_BLOCKS = YES;
				GCC_OPTIMIZATION_LEVEL = 0;
				GCC_PREPROCESSOR_DEFINITIONS = (
					"DEBUG=1",
					"$(inherited)",
				);
				GCC_WARN_64_TO_32_BIT_CONVERSION = YES;
				GCC_WARN_ABOUT_RETURN_TYPE = YES_ERROR;
				GCC_WARN_UNDECLARED_SELECTOR = YES;
				GCC_WARN_UNINITIALIZED_AUTOS = YES_AGGRESSIVE;
				GCC_WARN_UNUSED_FUNCTION = YES;
				GCC_WARN_UNUSED_VARIABLE = YES;
				MACOSX_DEPLOYMENT_TARGET = 10.10;
				MTL_ENABLE_DEBUG_INFO = YES;
				ONLY_ACTIVE_ARCH = YES;
				SDKROOT = macosx;
			};
			name = Debug;
		};
		BF0BF0A11DB54FB900B7BEDA /* Release */ = {
			isa = XCBuildConfiguration;
			buildSettings = {
				ALWAYS_SEARCH_USER_PATHS = NO;
				CLANG_CXX_LANGUAGE_STANDARD = "gnu++0x";
				CLANG_CXX_LIBRARY = "libc++";
				CLANG_ENABLE_MODULES = YES;
				CLANG_ENABLE_OBJC_ARC = YES;
				CLANG_WARN_BOOL_CONVERSION = YES;
				CLANG_WARN_CONSTANT_CONVERSION = YES;
				CLANG_WARN_DIRECT_OBJC_ISA_USAGE = YES_ERROR;
				CLANG_WARN_EMPTY_BODY = YES;
				CLANG_WARN_ENUM_CONVERSION = YES;
				CLANG_WARN_INT_CONVERSION = YES;
				CLANG_WARN_OBJC_ROOT_CLASS = YES_ERROR;
				CLANG_WARN_UNREACHABLE_CODE = YES;
				CLANG_WARN__DUPLICATE_METHOD_MATCH = YES;
				COPY_PHASE_STRIP = NO;
				DEBUG_INFORMATION_FORMAT = "dwarf-with-dsym";
				ENABLE_NS_ASSERTIONS = NO;
				ENABLE_STRICT_OBJC_MSGSEND = YES;
				GCC_C_LANGUAGE_STANDARD = gnu99;
				GCC_NO_COMMON_BLOCKS = YES;
				GCC_WARN_64_TO_32_BIT_CONVERSION = YES;
				GCC_WARN_ABOUT_RETURN_TYPE = YES_ERROR;
				GCC_WARN_UNDECLARED_SELECTOR = YES;
				GCC_WARN_UNINITIALIZED_AUTOS = YES_AGGRESSIVE;
				GCC_WARN_UNUSED_FUNCTION = YES;
				GCC_WARN_UNUSED_VARIABLE = YES;
				MACOSX_DEPLOYMENT_TARGET = 10.10;
				MTL_ENABLE_DEBUG_INFO = NO;
				SDKROOT = macosx;
			};
			name = Release;
		};
		BF0BF0A31DB54FB900B7BEDA /* Debug */ = {
			isa = XCBuildConfiguration;
			buildSettings = {
				PRODUCT_NAME = "$(TARGET_NAME)";
			};
			name = Debug;
		};
		BF0BF0A41DB54FB900B7BEDA /* Release */ = {
			isa = XCBuildConfiguration;
			buildSettings = {
				PRODUCT_NAME = "$(TARGET_NAME)";
			};
			name = Release;
		};
/* End XCBuildConfiguration section */

/* Begin XCConfigurationList section */
		BF0BF0961DB54FB900B7BEDA /* Build configuration list for PBXProject "OS LAB 2 q 2" */ = {
			isa = XCConfigurationList;
			buildConfigurations = (
				BF0BF0A01DB54FB900B7BEDA /* Debug */,
				BF0BF0A11DB54FB900B7BEDA /* Release */,
			);
			defaultConfigurationIsVisible = 0;
			defaultConfigurationName = Release;
		};
		BF0BF0A21DB54FB900B7BEDA /* Build configuration list for PBXNativeTarget "OS LAB 2 q 2" */ = {
			isa = XCConfigurationList;
			buildConfigurations = (
				BF0BF0A31DB54FB900B7BEDA /* Debug */,
				BF0BF0A41DB54FB900B7BEDA /* Release */,
			);
			defaultConfigurationIsVisible = 0;
		};
/* End XCConfigurationList section */
	};
	rootObject = BF0BF0931DB54FB900B7BEDA /* Project object */;
}
